<?xml version="1.0" encoding="utf-8"?>
<Project ToolsVersion="4.0" xmlns="http://schemas.microsoft.com/developer/msbuild/2003">
  <ItemGroup>
    <Filter Include="Source Files">
      <UniqueIdentifier>{4FC737F1-C7A5-4376-A066-2A32D752A2FF}</UniqueIdentifier>
      <Extensions>cpp;c;cc;cxx;c++;cppm;ixx;def;odl;idl;hpj;bat;asm;asmx</Extensions>
    </Filter>
    <Filter Include="Header Files">
      <UniqueIdentifier>{93995380-89BD-4b04-88EB-625FBE52EBFB}</UniqueIdentifier>
      <Extensions>h;hh;hpp;hxx;h++;hm;inl;inc;ipp;xsd</Extensions>
    </Filter>
    <Filter Include="Resource Files">
      <UniqueIdentifier>{67DA6AB6-F800-4c08-8B7A-83BB121AAD01}</UniqueIdentifier>
      <Extensions>rc;ico;cur;bmp;dlg;rc2;rct;bin;rgs;gif;jpg;jpeg;jpe;resx;tiff;tif;png;wav;mfcribbon-ms</Extensions>
    </Filter>
    <Filter Include="Dynamic Link Libraries">
      <UniqueIdentifier>{ed30bf68-917c-499c-a6ad-d95009a16fdb}</UniqueIdentifier>
    </Filter>
    <Filter Include="Source Files\Sources">
      <UniqueIdentifier>{87fcb20e-a1a1-40ab-bec8-e88406420a00}</UniqueIdentifier>
    </Filter>
    <Filter Include="Source Files\Sources\tinyfiledialogs">
      <UniqueIdentifier>{f55460f9-b41a-47d9-bf05-bec4632c3f62}</UniqueIdentifier>
    </Filter>
    <Filter Include="Source Files\Sources\ImGui">
      <UniqueIdentifier>{ebf4bf53-9d5d-4d20-b441-b07247916e4e}</UniqueIdentifier>
    </Filter>
    <Filter Include="Source Files\Sources\glad">
      <UniqueIdentifier>{340c063b-9a84-4b62-a60d-aed0f7e6e4f6}</UniqueIdentifier>
    </Filter>
  </ItemGroup>
  <ItemGroup>
    <ClCompile Include="main.cpp">
      <Filter>Source Files</Filter>
    </ClCompile>
    <ClCompile Include="imgui\ImGradientHDR.cpp">
      <Filter>Source Files\Sources\ImGui</Filter>
    </ClCompile>
    <ClCompile Include="imgui\imgui.cpp">
      <Filter>Source Files\Sources\ImGui</Filter>
    </ClCompile>
    <ClCompile Include="imgui\imgui_demo.cpp">
      <Filter>Source Files\Sources\ImGui</Filter>
    </ClCompile>
    <ClCompile Include="imgui\imgui_draw.cpp">
      <Filter>Source Files\Sources\ImGui</Filter>
    </ClCompile>
    <ClCompile Include="imgui\imgui_impl_glfw.cpp">
      <Filter>Source Files\Sources\ImGui</Filter>
    </ClCompile>
    <ClCompile Include="imgui\imgui_impl_opengl3.cpp">
      <Filter>Source Files\Sources\ImGui</Filter>
    </ClCompile>
    <ClCompile Include="imgui\imgui_tables.cpp">
      <Filter>Source Files\Sources\ImGui</Filter>
    </ClCompile>
    <ClCompile Include="imgui\imgui_widgets.cpp">
      <Filter>Source Files\Sources\ImGui</Filter>
    </ClCompile>
    <ClCompile Include="libs\include\tinyfiledialogs\tinyfiledialogs.cpp">
      <Filter>Source Files\Sources\tinyfiledialogs</Filter>
    </ClCompile>
    <ClCompile Include="glad.c">
      <Filter>Source Files\Sources\glad</Filter>
    </ClCompile>
    <ClCompile Include="imgui\imgui_theme.h">
      <Filter>Header Files</Filter>
    </ClCompile>
    <ClCompile Include="libs\include\chromium\cubic_bezier.cpp">
      <Filter>Source Files\Sources</Filter>
    </ClCompile>
  </ItemGroup>
  <ItemGroup>
    <ClInclude Include="imgui\imstb_truetype.h">
      <Filter>Header Files</Filter>
    </ClInclude>
    <ClInclude Include="imgui\imconfig.h">
      <Filter>Header Files</Filter>
    </ClInclude>
    <ClInclude Include="imgui\imgui.h">
      <Filter>Header Files</Filter>
    </ClInclude>
    <ClInclude Include="imgui\imgui_impl_glfw.h">
      <Filter>Header Files</Filter>
    </ClInclude>
    <ClInclude Include="imgui\imgui_impl_opengl3.h">
      <Filter>Header Files</Filter>
    </ClInclude>
    <ClInclude Include="imgui\imgui_impl_opengl3_loader.h">
      <Filter>Header Files</Filter>
    </ClInclude>
    <ClInclude Include="imgui\imgui_internal.h">
      <Filter>Header Files</Filter>
    </ClInclude>
    <ClInclude Include="imgui\imstb_rectpack.h">
      <Filter>Header Files</Filter>
    </ClInclude>
    <ClInclude Include="imgui\imstb_textedit.h">
      <Filter>Header Files</Filter>
    </ClInclude>
    <ClInclude Include="imgui\ImGradientHDR.h">
      <Filter>Header Files</Filter>
    </ClInclude>
    <ClInclude Include="libs\include\stb\stb_image_write.h">
      <Filter>Header Files</Filter>
    </ClInclude>
    <ClInclude Include="libs\include\tinyfiledialogs\tinyfiledialogs.h">
      <Filter>Header Files</Filter>
    </ClInclude>
    <ClInclude Include="libs\include\chromium\cubic_bezier.h">
      <Filter>Header Files</Filter>
    </ClInclude>
  </ItemGroup>
  <ItemGroup>
    <CopyFileToFolders Include="libs\dlls\opencv_world490.dll">
      <Filter>Dynamic Link Libraries</Filter>
    </CopyFileToFolders>
    <CopyFileToFolders Include="libs\dlls\opencv_videoio_ffmpeg490_64.dll">
      <Filter>Dynamic Link Libraries</Filter>
    </CopyFileToFolders>
  </ItemGroup>
</Project>